
Microsoft Visual Studio Solution File, Format Version 12.00
# Visual Studio Version 16
VisualStudioVersion = 16.0.30413.136
MinimumVisualStudioVersion = 10.0.40219.1
Project("{D2ABAB84-BF74-430A-B69E-9DC6D40DDA17}") = "ContosoAS", "ContosoAS\ContosoAS.dwproj", "{11190D28-7C97-44A5-83CB-62E391F1A347}"
EndProject
Global
	GlobalSection(SolutionConfigurationPlatforms) = preSolution
		Development|Default = Development|Default
	EndGlobalSection
	GlobalSection(ProjectConfigurationPlatforms) = postSolution
		{11190D28-7C97-44A5-83CB-62E391F1A347}.Development|Default.ActiveCfg = Development
		{11190D28-7C97-44A5-83CB-62E391F1A347}.Development|Default.Build.0 = Development
		{11190D28-7C97-44A5-83CB-62E391F1A347}.Development|Default.Deploy.0 = Development
	EndGlobalSection
	GlobalSection(SolutionProperties) = preSolution
		HideSolutionNode = FALSE
	EndGlobalSection
	GlobalSection(ExtensibilityGlobals) = postSolution
		SolutionGuid = {4E9CF922-46B7-460F-A95C-4AD13137E83D}
	EndGlobalSection
EndGlobal
