
Microsoft Visual Studio Solution File, Format Version 12.00
# Visual Studio Version 16
VisualStudioVersion = 16.0.30413.136
MinimumVisualStudioVersion = 10.0.40219.1
Project("{F14B399A-7131-4C87-9E4B-1186C45EF12D}") = "SSRS2", "SSRS2\SSRS2.rptproj", "{450D8A18-C26E-4943-9025-BE0F54068451}"
EndProject
Global
	GlobalSection(SolutionConfigurationPlatforms) = preSolution
		Debug|Default = Debug|Default
		DebugLocal|Default = DebugLocal|Default
		Release|Default = Release|Default
	EndGlobalSection
	GlobalSection(ProjectConfigurationPlatforms) = postSolution
		{450D8A18-C26E-4943-9025-BE0F54068451}.Debug|Default.ActiveCfg = Debug
		{450D8A18-C26E-4943-9025-BE0F54068451}.Debug|Default.Build.0 = Debug
		{450D8A18-C26E-4943-9025-BE0F54068451}.Debug|Default.Deploy.0 = Debug
		{450D8A18-C26E-4943-9025-BE0F54068451}.DebugLocal|Default.ActiveCfg = DebugLocal
		{450D8A18-C26E-4943-9025-BE0F54068451}.DebugLocal|Default.Build.0 = DebugLocal
		{450D8A18-C26E-4943-9025-BE0F54068451}.Release|Default.ActiveCfg = Release
		{450D8A18-C26E-4943-9025-BE0F54068451}.Release|Default.Build.0 = Release
		{450D8A18-C26E-4943-9025-BE0F54068451}.Release|Default.Deploy.0 = Release
	EndGlobalSection
	GlobalSection(SolutionProperties) = preSolution
		HideSolutionNode = FALSE
	EndGlobalSection
	GlobalSection(ExtensibilityGlobals) = postSolution
		SolutionGuid = {FF61D81C-FAF5-4FD3-9FF8-23D10B59EDED}
	EndGlobalSection
EndGlobal
