
Microsoft Visual Studio Solution File, Format Version 12.00
# Visual Studio Version 16
VisualStudioVersion = 16.0.30413.136
MinimumVisualStudioVersion = 10.0.40219.1
Project("{159641D6-6404-4A2A-AE62-294DE0FE8301}") = "SSIS11", "SSIS11\SSIS11.dtproj", "{1EEF1198-50CF-4BD4-8231-EBC63D2B9799}"
EndProject
Global
	GlobalSection(SolutionConfigurationPlatforms) = preSolution
		Development|Default = Development|Default
	EndGlobalSection
	GlobalSection(ProjectConfigurationPlatforms) = postSolution
		{1EEF1198-50CF-4BD4-8231-EBC63D2B9799}.Development|Default.ActiveCfg = Development
		{1EEF1198-50CF-4BD4-8231-EBC63D2B9799}.Development|Default.Build.0 = Development
	EndGlobalSection
	GlobalSection(SolutionProperties) = preSolution
		HideSolutionNode = FALSE
	EndGlobalSection
	GlobalSection(ExtensibilityGlobals) = postSolution
		SolutionGuid = {9CC1EDB8-7FAD-44D2-A3CD-CEBC29919167}
	EndGlobalSection
EndGlobal
