
Microsoft Visual Studio Solution File, Format Version 12.00
# Visual Studio Version 16
VisualStudioVersion = 16.0.30413.136
MinimumVisualStudioVersion = 10.0.40219.1
Project("{D2ABAB84-BF74-430A-B69E-9DC6D40DDA17}") = "NWAS", "NWAS\NWAS.dwproj", "{CDA42F04-1556-40C8-8B40-C367F998C3CB}"
EndProject
Global
	GlobalSection(SolutionConfigurationPlatforms) = preSolution
		Development|Default = Development|Default
	EndGlobalSection
	GlobalSection(ProjectConfigurationPlatforms) = postSolution
		{CDA42F04-1556-40C8-8B40-C367F998C3CB}.Development|Default.ActiveCfg = Development
		{CDA42F04-1556-40C8-8B40-C367F998C3CB}.Development|Default.Build.0 = Development
		{CDA42F04-1556-40C8-8B40-C367F998C3CB}.Development|Default.Deploy.0 = Development
	EndGlobalSection
	GlobalSection(SolutionProperties) = preSolution
		HideSolutionNode = FALSE
	EndGlobalSection
	GlobalSection(ExtensibilityGlobals) = postSolution
		SolutionGuid = {995CA872-2F2B-4F89-A687-4E5D32CF66C0}
	EndGlobalSection
EndGlobal
