
Microsoft Visual Studio Solution File, Format Version 12.00
# Visual Studio 15
VisualStudioVersion = 15.0.27703.2042
MinimumVisualStudioVersion = 10.0.40219.1
Project("{FAE04EC0-301F-11D3-BF4B-00C04F79EFBC}") = "WinLoadNews", "WinLoadNews\WinLoadNews.csproj", "{F741DF21-E827-42F3-B2E2-8C875832F611}"
EndProject
Global
	GlobalSection(SolutionConfigurationPlatforms) = preSolution
		Debug|Any CPU = Debug|Any CPU
		Release|Any CPU = Release|Any CPU
	EndGlobalSection
	GlobalSection(ProjectConfigurationPlatforms) = postSolution
		{F741DF21-E827-42F3-B2E2-8C875832F611}.Debug|Any CPU.ActiveCfg = Debug|Any CPU
		{F741DF21-E827-42F3-B2E2-8C875832F611}.Debug|Any CPU.Build.0 = Debug|Any CPU
		{F741DF21-E827-42F3-B2E2-8C875832F611}.Release|Any CPU.ActiveCfg = Release|Any CPU
		{F741DF21-E827-42F3-B2E2-8C875832F611}.Release|Any CPU.Build.0 = Release|Any CPU
	EndGlobalSection
	GlobalSection(SolutionProperties) = preSolution
		HideSolutionNode = FALSE
	EndGlobalSection
	GlobalSection(ExtensibilityGlobals) = postSolution
		SolutionGuid = {01A7331D-516F-421B-BBB9-B7C70E620652}
	EndGlobalSection
EndGlobal
