
Microsoft Visual Studio Solution File, Format Version 12.00
# Visual Studio Version 16
VisualStudioVersion = 16.0.30413.136
MinimumVisualStudioVersion = 10.0.40219.1
Project("{F14B399A-7131-4C87-9E4B-1186C45EF12D}") = "SSRS1", "SSRS1\SSRS1.rptproj", "{E7D7CB18-ABFB-46BE-990C-E1B184069E17}"
EndProject
Global
	GlobalSection(SolutionConfigurationPlatforms) = preSolution
		Debug|Default = Debug|Default
		DebugLocal|Default = DebugLocal|Default
		Release|Default = Release|Default
	EndGlobalSection
	GlobalSection(ProjectConfigurationPlatforms) = postSolution
		{E7D7CB18-ABFB-46BE-990C-E1B184069E17}.Debug|Default.ActiveCfg = Debug
		{E7D7CB18-ABFB-46BE-990C-E1B184069E17}.Debug|Default.Build.0 = Debug
		{E7D7CB18-ABFB-46BE-990C-E1B184069E17}.Debug|Default.Deploy.0 = Debug
		{E7D7CB18-ABFB-46BE-990C-E1B184069E17}.DebugLocal|Default.ActiveCfg = DebugLocal
		{E7D7CB18-ABFB-46BE-990C-E1B184069E17}.DebugLocal|Default.Build.0 = DebugLocal
		{E7D7CB18-ABFB-46BE-990C-E1B184069E17}.Release|Default.ActiveCfg = Release
		{E7D7CB18-ABFB-46BE-990C-E1B184069E17}.Release|Default.Build.0 = Release
		{E7D7CB18-ABFB-46BE-990C-E1B184069E17}.Release|Default.Deploy.0 = Release
	EndGlobalSection
	GlobalSection(SolutionProperties) = preSolution
		HideSolutionNode = FALSE
	EndGlobalSection
	GlobalSection(ExtensibilityGlobals) = postSolution
		SolutionGuid = {665A19D1-78B3-4135-BAEE-2B3B9F327985}
	EndGlobalSection
EndGlobal
